
Microsoft Visual Studio Solution File, Format Version 12.00
# Visual Studio Version 17
VisualStudioVersion = 17.5.33516.290
MinimumVisualStudioVersion = 10.0.40219.1
Project("{00D1A9C2-B5F0-4AF3-8072-F6C62B433612}") = "KiApiDatabase", "KiApiDatabase\KiApiDatabase.sqlproj", "{DA0381F4-815D-4F33-BC73-55AD82614FDD}"
EndProject
Project("{9A19103F-16F7-4668-BE54-9A1E7A4F7556}") = "KiApiModels", "KiApiModels\KiApiModels.csproj", "{D113FC44-48C8-4BAD-99F7-DA8ED67D40CC}"
EndProject
Global
	GlobalSection(SolutionConfigurationPlatforms) = preSolution
		Debug|Any CPU = Debug|Any CPU
		Release|Any CPU = Release|Any CPU
	EndGlobalSection
	GlobalSection(ProjectConfigurationPlatforms) = postSolution
		{DA0381F4-815D-4F33-BC73-55AD82614FDD}.Debug|Any CPU.ActiveCfg = Debug|Any CPU
		{DA0381F4-815D-4F33-BC73-55AD82614FDD}.Debug|Any CPU.Build.0 = Debug|Any CPU
		{DA0381F4-815D-4F33-BC73-55AD82614FDD}.Debug|Any CPU.Deploy.0 = Debug|Any CPU
		{DA0381F4-815D-4F33-BC73-55AD82614FDD}.Release|Any CPU.ActiveCfg = Release|Any CPU
		{DA0381F4-815D-4F33-BC73-55AD82614FDD}.Release|Any CPU.Build.0 = Release|Any CPU
		{DA0381F4-815D-4F33-BC73-55AD82614FDD}.Release|Any CPU.Deploy.0 = Release|Any CPU
		{D113FC44-48C8-4BAD-99F7-DA8ED67D40CC}.Debug|Any CPU.ActiveCfg = Debug|Any CPU
		{D113FC44-48C8-4BAD-99F7-DA8ED67D40CC}.Debug|Any CPU.Build.0 = Debug|Any CPU
		{D113FC44-48C8-4BAD-99F7-DA8ED67D40CC}.Release|Any CPU.ActiveCfg = Release|Any CPU
		{D113FC44-48C8-4BAD-99F7-DA8ED67D40CC}.Release|Any CPU.Build.0 = Release|Any CPU
	EndGlobalSection
	GlobalSection(SolutionProperties) = preSolution
		HideSolutionNode = FALSE
	EndGlobalSection
	GlobalSection(ExtensibilityGlobals) = postSolution
		SolutionGuid = {BEF263A5-B33F-4D76-B95C-869905738383}
	EndGlobalSection
EndGlobal
